
Microsoft Visual Studio Solution File, Format Version 12.00
# Visual Studio Version 17
VisualStudioVersion = 17.1.32328.378
MinimumVisualStudioVersion = 10.0.40219.1
Project("{9A19103F-16F7-4668-BE54-9A1E7A4F7556}") = "BLH.ApproveIQ.Application", "BLH.ApproveIQ.Application\BLH.ApproveIQ.Application.csproj", "{9D489B4D-62E2-4E88-B47F-FF4BF9024CDE}"
EndProject
Project("{9A19103F-16F7-4668-BE54-9A1E7A4F7556}") = "BLH.ApproveIQ.Domain", "BLH.ApproveIQ.Domain\BLH.ApproveIQ.Domain.csproj", "{4DDB1EBF-3B9E-4640-9136-F3D562075DB7}"
EndProject
Project("{9A19103F-16F7-4668-BE54-9A1E7A4F7556}") = "BLH.ApproveIQ.Infrastructure", "BLH.ApproveIQ.Infrastructure\BLH.ApproveIQ.Infrastructure.csproj", "{0E3EFA09-69F9-437C-9F8B-38869A02418A}"
EndProject
Project("{9A19103F-16F7-4668-BE54-9A1E7A4F7556}") = "BLH.ApproveIQ.Persistence", "BLH.ApproveIQ.Persistence\BLH.ApproveIQ.Persistence.csproj", "{E5F312D1-F3F9-4EFD-A6FB-821F0E172197}"
EndProject
Project("{9A19103F-16F7-4668-BE54-9A1E7A4F7556}") = "BLH.ApproveIQ.Presentation", "BLH.ApproveIQ.Presentation\BLH.ApproveIQ.Presentation.csproj", "{33B594CE-EE90-472B-A911-7D38BACF9E04}"
EndProject
Project("{2150E333-8FDC-42A3-9474-1A3956D46DE8}") = "Solution Items", "Solution Items", "{C6265F07-1A06-4341-B520-D8BE9D7221FA}"
	ProjectSection(SolutionItems) = preProject
		.editorconfig = .editorconfig
	EndProjectSection
EndProject
Project("{9A19103F-16F7-4668-BE54-9A1E7A4F7556}") = "BLH.ApproveIQ.API", "BLH.ApproveIQ.API\BLH.ApproveIQ.API.csproj", "{A1521EED-C8E2-4F4E-8E13-E573278D9ECB}"
EndProject
Project("{2150E333-8FDC-42A3-9474-1A3956D46DE8}") = "API", "API", "{ED80B001-795D-4BAF-A856-48B66D5AE794}"
EndProject
Project("{2150E333-8FDC-42A3-9474-1A3956D46DE8}") = "Framework", "Framework", "{00E265F6-F2D6-49C4-979C-BBFABB222576}"
EndProject
Project("{2150E333-8FDC-42A3-9474-1A3956D46DE8}") = "Portal", "Portal", "{40BBD5E6-907E-4614-A879-FC0B40244E8E}"
EndProject
Project("{9A19103F-16F7-4668-BE54-9A1E7A4F7556}") = "BLH.ApproveIQ.Portal", "BLH.ApproveIQ.Portal\BLH.ApproveIQ.Portal.csproj", "{5F70BDBB-A84C-4351-9069-E98C1BD83151}"
EndProject
Project("{9A19103F-16F7-4668-BE54-9A1E7A4F7556}") = "Sparkhound.CodeGenerator", "Sparkhound.CodeGenerator\Sparkhound.CodeGenerator.csproj", "{C9BEDED9-0DF4-487D-ACE1-76B909C03208}"
EndProject
Project("{2150E333-8FDC-42A3-9474-1A3956D46DE8}") = "Pipelines", "Pipelines", "{AA6B8FD3-5642-4603-96D8-F32938AC3B7A}"
	ProjectSection(SolutionItems) = preProject
		studyville-portal-uat-pipeline.yml = studyville-portal-uat-pipeline.yml
	EndProjectSection
EndProject
Global
	GlobalSection(SolutionConfigurationPlatforms) = preSolution
		AzureDev|Any CPU = AzureDev|Any CPU
		AzureProd|Any CPU = AzureProd|Any CPU
		Debug|Any CPU = Debug|Any CPU
		Release|Any CPU = Release|Any CPU
		AzureUAT|Any CPU = AzureUAT|Any CPU
	EndGlobalSection
	GlobalSection(ProjectConfigurationPlatforms) = postSolution
		{9D489B4D-62E2-4E88-B47F-FF4BF9024CDE}.AzureDev|Any CPU.ActiveCfg = Release|Any CPU
		{9D489B4D-62E2-4E88-B47F-FF4BF9024CDE}.AzureDev|Any CPU.Build.0 = Release|Any CPU
		{9D489B4D-62E2-4E88-B47F-FF4BF9024CDE}.AzureProd|Any CPU.ActiveCfg = Release|Any CPU
		{9D489B4D-62E2-4E88-B47F-FF4BF9024CDE}.AzureProd|Any CPU.Build.0 = Release|Any CPU
		{9D489B4D-62E2-4E88-B47F-FF4BF9024CDE}.Debug|Any CPU.ActiveCfg = Debug|Any CPU
		{9D489B4D-62E2-4E88-B47F-FF4BF9024CDE}.Debug|Any CPU.Build.0 = Debug|Any CPU
		{9D489B4D-62E2-4E88-B47F-FF4BF9024CDE}.Release|Any CPU.ActiveCfg = Release|Any CPU
		{9D489B4D-62E2-4E88-B47F-FF4BF9024CDE}.Release|Any CPU.Build.0 = Release|Any CPU
		{9D489B4D-62E2-4E88-B47F-FF4BF9024CDE}.AzureUAT|Any CPU.ActiveCfg = AzureUAT|Any CPU
		{9D489B4D-62E2-4E88-B47F-FF4BF9024CDE}.AzureUAT|Any CPU.Build.0 = AzureUAT|Any CPU
		{4DDB1EBF-3B9E-4640-9136-F3D562075DB7}.AzureDev|Any CPU.ActiveCfg = Release|Any CPU
		{4DDB1EBF-3B9E-4640-9136-F3D562075DB7}.AzureDev|Any CPU.Build.0 = Release|Any CPU
		{4DDB1EBF-3B9E-4640-9136-F3D562075DB7}.AzureProd|Any CPU.ActiveCfg = Release|Any CPU
		{4DDB1EBF-3B9E-4640-9136-F3D562075DB7}.AzureProd|Any CPU.Build.0 = Release|Any CPU
		{4DDB1EBF-3B9E-4640-9136-F3D562075DB7}.Debug|Any CPU.ActiveCfg = Debug|Any CPU
		{4DDB1EBF-3B9E-4640-9136-F3D562075DB7}.Debug|Any CPU.Build.0 = Debug|Any CPU
		{4DDB1EBF-3B9E-4640-9136-F3D562075DB7}.Release|Any CPU.ActiveCfg = Release|Any CPU
		{4DDB1EBF-3B9E-4640-9136-F3D562075DB7}.Release|Any CPU.Build.0 = Release|Any CPU
		{4DDB1EBF-3B9E-4640-9136-F3D562075DB7}.AzureUAT|Any CPU.ActiveCfg = AzureUAT|Any CPU
		{4DDB1EBF-3B9E-4640-9136-F3D562075DB7}.AzureUAT|Any CPU.Build.0 = AzureUAT|Any CPU
		{0E3EFA09-69F9-437C-9F8B-38869A02418A}.AzureDev|Any CPU.ActiveCfg = Release|Any CPU
		{0E3EFA09-69F9-437C-9F8B-38869A02418A}.AzureDev|Any CPU.Build.0 = Release|Any CPU
		{0E3EFA09-69F9-437C-9F8B-38869A02418A}.AzureProd|Any CPU.ActiveCfg = Release|Any CPU
		{0E3EFA09-69F9-437C-9F8B-38869A02418A}.AzureProd|Any CPU.Build.0 = Release|Any CPU
		{0E3EFA09-69F9-437C-9F8B-38869A02418A}.Debug|Any CPU.ActiveCfg = Debug|Any CPU
		{0E3EFA09-69F9-437C-9F8B-38869A02418A}.Debug|Any CPU.Build.0 = Debug|Any CPU
		{0E3EFA09-69F9-437C-9F8B-38869A02418A}.Release|Any CPU.ActiveCfg = Release|Any CPU
		{0E3EFA09-69F9-437C-9F8B-38869A02418A}.Release|Any CPU.Build.0 = Release|Any CPU
		{0E3EFA09-69F9-437C-9F8B-38869A02418A}.AzureUAT|Any CPU.ActiveCfg = AzureUAT|Any CPU
		{0E3EFA09-69F9-437C-9F8B-38869A02418A}.AzureUAT|Any CPU.Build.0 = AzureUAT|Any CPU
		{E5F312D1-F3F9-4EFD-A6FB-821F0E172197}.AzureDev|Any CPU.ActiveCfg = Release|Any CPU
		{E5F312D1-F3F9-4EFD-A6FB-821F0E172197}.AzureDev|Any CPU.Build.0 = Release|Any CPU
		{E5F312D1-F3F9-4EFD-A6FB-821F0E172197}.AzureProd|Any CPU.ActiveCfg = Release|Any CPU
		{E5F312D1-F3F9-4EFD-A6FB-821F0E172197}.AzureProd|Any CPU.Build.0 = Release|Any CPU
		{E5F312D1-F3F9-4EFD-A6FB-821F0E172197}.Debug|Any CPU.ActiveCfg = Debug|Any CPU
		{E5F312D1-F3F9-4EFD-A6FB-821F0E172197}.Debug|Any CPU.Build.0 = Debug|Any CPU
		{E5F312D1-F3F9-4EFD-A6FB-821F0E172197}.Release|Any CPU.ActiveCfg = Release|Any CPU
		{E5F312D1-F3F9-4EFD-A6FB-821F0E172197}.Release|Any CPU.Build.0 = Release|Any CPU
		{E5F312D1-F3F9-4EFD-A6FB-821F0E172197}.AzureUAT|Any CPU.ActiveCfg = AzureUAT|Any CPU
		{E5F312D1-F3F9-4EFD-A6FB-821F0E172197}.AzureUAT|Any CPU.Build.0 = AzureUAT|Any CPU
		{33B594CE-EE90-472B-A911-7D38BACF9E04}.AzureDev|Any CPU.ActiveCfg = Release|Any CPU
		{33B594CE-EE90-472B-A911-7D38BACF9E04}.AzureDev|Any CPU.Build.0 = Release|Any CPU
		{33B594CE-EE90-472B-A911-7D38BACF9E04}.AzureProd|Any CPU.ActiveCfg = Release|Any CPU
		{33B594CE-EE90-472B-A911-7D38BACF9E04}.AzureProd|Any CPU.Build.0 = Release|Any CPU
		{33B594CE-EE90-472B-A911-7D38BACF9E04}.Debug|Any CPU.ActiveCfg = Debug|Any CPU
		{33B594CE-EE90-472B-A911-7D38BACF9E04}.Debug|Any CPU.Build.0 = Debug|Any CPU
		{33B594CE-EE90-472B-A911-7D38BACF9E04}.Release|Any CPU.ActiveCfg = Release|Any CPU
		{33B594CE-EE90-472B-A911-7D38BACF9E04}.Release|Any CPU.Build.0 = Release|Any CPU
		{33B594CE-EE90-472B-A911-7D38BACF9E04}.AzureUAT|Any CPU.ActiveCfg = AzureUAT|Any CPU
		{33B594CE-EE90-472B-A911-7D38BACF9E04}.AzureUAT|Any CPU.Build.0 = AzureUAT|Any CPU
		{A1521EED-C8E2-4F4E-8E13-E573278D9ECB}.AzureDev|Any CPU.ActiveCfg = Release|Any CPU
		{A1521EED-C8E2-4F4E-8E13-E573278D9ECB}.AzureDev|Any CPU.Build.0 = Release|Any CPU
		{A1521EED-C8E2-4F4E-8E13-E573278D9ECB}.AzureProd|Any CPU.ActiveCfg = Release|Any CPU
		{A1521EED-C8E2-4F4E-8E13-E573278D9ECB}.AzureProd|Any CPU.Build.0 = Release|Any CPU
		{A1521EED-C8E2-4F4E-8E13-E573278D9ECB}.Debug|Any CPU.ActiveCfg = Debug|Any CPU
		{A1521EED-C8E2-4F4E-8E13-E573278D9ECB}.Debug|Any CPU.Build.0 = Debug|Any CPU
		{A1521EED-C8E2-4F4E-8E13-E573278D9ECB}.Release|Any CPU.ActiveCfg = Release|Any CPU
		{A1521EED-C8E2-4F4E-8E13-E573278D9ECB}.Release|Any CPU.Build.0 = Release|Any CPU
		{A1521EED-C8E2-4F4E-8E13-E573278D9ECB}.AzureUAT|Any CPU.ActiveCfg = AzureUAT|Any CPU
		{A1521EED-C8E2-4F4E-8E13-E573278D9ECB}.AzureUAT|Any CPU.Build.0 = AzureUAT|Any CPU
		{5F70BDBB-A84C-4351-9069-E98C1BD83151}.AzureDev|Any CPU.ActiveCfg = Release|Any CPU
		{5F70BDBB-A84C-4351-9069-E98C1BD83151}.AzureDev|Any CPU.Build.0 = Release|Any CPU
		{5F70BDBB-A84C-4351-9069-E98C1BD83151}.AzureProd|Any CPU.ActiveCfg = Release|Any CPU
		{5F70BDBB-A84C-4351-9069-E98C1BD83151}.AzureProd|Any CPU.Build.0 = Release|Any CPU
		{5F70BDBB-A84C-4351-9069-E98C1BD83151}.Debug|Any CPU.ActiveCfg = Debug|Any CPU
		{5F70BDBB-A84C-4351-9069-E98C1BD83151}.Debug|Any CPU.Build.0 = Debug|Any CPU
		{5F70BDBB-A84C-4351-9069-E98C1BD83151}.Release|Any CPU.ActiveCfg = Release|Any CPU
		{5F70BDBB-A84C-4351-9069-E98C1BD83151}.Release|Any CPU.Build.0 = Release|Any CPU
		{5F70BDBB-A84C-4351-9069-E98C1BD83151}.AzureUAT|Any CPU.ActiveCfg = AzureUAT|Any CPU
		{5F70BDBB-A84C-4351-9069-E98C1BD83151}.AzureUAT|Any CPU.Build.0 = AzureUAT|Any CPU
		{C9BEDED9-0DF4-487D-ACE1-76B909C03208}.AzureDev|Any CPU.ActiveCfg = Release|Any CPU
		{C9BEDED9-0DF4-487D-ACE1-76B909C03208}.AzureDev|Any CPU.Build.0 = Release|Any CPU
		{C9BEDED9-0DF4-487D-ACE1-76B909C03208}.AzureProd|Any CPU.ActiveCfg = Release|Any CPU
		{C9BEDED9-0DF4-487D-ACE1-76B909C03208}.AzureProd|Any CPU.Build.0 = Release|Any CPU
		{C9BEDED9-0DF4-487D-ACE1-76B909C03208}.Debug|Any CPU.ActiveCfg = Debug|Any CPU
		{C9BEDED9-0DF4-487D-ACE1-76B909C03208}.Debug|Any CPU.Build.0 = Debug|Any CPU
		{C9BEDED9-0DF4-487D-ACE1-76B909C03208}.Release|Any CPU.ActiveCfg = Release|Any CPU
		{C9BEDED9-0DF4-487D-ACE1-76B909C03208}.Release|Any CPU.Build.0 = Release|Any CPU
		{C9BEDED9-0DF4-487D-ACE1-76B909C03208}.AzureUAT|Any CPU.ActiveCfg = AzureUAT|Any CPU
		{C9BEDED9-0DF4-487D-ACE1-76B909C03208}.AzureUAT|Any CPU.Build.0 = AzureUAT|Any CPU
	EndGlobalSection
	GlobalSection(SolutionProperties) = preSolution
		HideSolutionNode = FALSE
	EndGlobalSection
	GlobalSection(NestedProjects) = preSolution
		{9D489B4D-62E2-4E88-B47F-FF4BF9024CDE} = {ED80B001-795D-4BAF-A856-48B66D5AE794}
		{4DDB1EBF-3B9E-4640-9136-F3D562075DB7} = {ED80B001-795D-4BAF-A856-48B66D5AE794}
		{0E3EFA09-69F9-437C-9F8B-38869A02418A} = {ED80B001-795D-4BAF-A856-48B66D5AE794}
		{E5F312D1-F3F9-4EFD-A6FB-821F0E172197} = {ED80B001-795D-4BAF-A856-48B66D5AE794}
		{33B594CE-EE90-472B-A911-7D38BACF9E04} = {ED80B001-795D-4BAF-A856-48B66D5AE794}
		{A1521EED-C8E2-4F4E-8E13-E573278D9ECB} = {ED80B001-795D-4BAF-A856-48B66D5AE794}
		{5F70BDBB-A84C-4351-9069-E98C1BD83151} = {40BBD5E6-907E-4614-A879-FC0B40244E8E}
		{C9BEDED9-0DF4-487D-ACE1-76B909C03208} = {00E265F6-F2D6-49C4-979C-BBFABB222576}
	EndGlobalSection
	GlobalSection(ExtensibilityGlobals) = postSolution
		SolutionGuid = {3842B94A-FD3B-43B4-95B0-4C90DA42E9CE}
	EndGlobalSection
EndGlobal
